
Microsoft Visual Studio Solution File, Format Version 12.00
# Visual Studio Version 16
VisualStudioVersion = 16.0.31112.23
MinimumVisualStudioVersion = 10.0.40219.1
Project("{9A19103F-16F7-4668-BE54-9A1E7A4F7556}") = "Test-162-5.Web", "Test-162-5.Web\Test-162-5.Web.csproj", "{7B0A6C09-D1A2-4DC0-8A6F-DDEB37BB5894}"
EndProject
Project("{FAE04EC0-301F-11D3-BF4B-00C04F79EFBC}") = "Test-162-5.WebAppNetFramework", "Test-162-5.WebAppNetFramework\Test-162-5.WebAppNetFramework.csproj", "{5374FB4B-FEF8-4F23-B797-A65B0B7FC9A8}"
EndProject
Global
	GlobalSection(SolutionConfigurationPlatforms) = preSolution
		Debug|Any CPU = Debug|Any CPU
		Release|Any CPU = Release|Any CPU
	EndGlobalSection
	GlobalSection(ProjectConfigurationPlatforms) = postSolution
		{7B0A6C09-D1A2-4DC0-8A6F-DDEB37BB5894}.Debug|Any CPU.ActiveCfg = Debug|Any CPU
		{7B0A6C09-D1A2-4DC0-8A6F-DDEB37BB5894}.Debug|Any CPU.Build.0 = Debug|Any CPU
		{7B0A6C09-D1A2-4DC0-8A6F-DDEB37BB5894}.Release|Any CPU.ActiveCfg = Release|Any CPU
		{7B0A6C09-D1A2-4DC0-8A6F-DDEB37BB5894}.Release|Any CPU.Build.0 = Release|Any CPU
		{5374FB4B-FEF8-4F23-B797-A65B0B7FC9A8}.Debug|Any CPU.ActiveCfg = Debug|Any CPU
		{5374FB4B-FEF8-4F23-B797-A65B0B7FC9A8}.Debug|Any CPU.Build.0 = Debug|Any CPU
		{5374FB4B-FEF8-4F23-B797-A65B0B7FC9A8}.Release|Any CPU.ActiveCfg = Release|Any CPU
		{5374FB4B-FEF8-4F23-B797-A65B0B7FC9A8}.Release|Any CPU.Build.0 = Release|Any CPU
	EndGlobalSection
	GlobalSection(SolutionProperties) = preSolution
		HideSolutionNode = FALSE
	EndGlobalSection
	GlobalSection(ExtensibilityGlobals) = postSolution
		SolutionGuid = {8D4CC8C6-9872-450B-A68C-300B93803EC2}
	EndGlobalSection
EndGlobal
